
Microsoft Visual Studio Solution File, Format Version 12.00
# Visual Studio Version 16
VisualStudioVersion = 16.0.30907.101
MinimumVisualStudioVersion = 10.0.40219.1
Project("{FAE04EC0-301F-11D3-BF4B-00C04F79EFBC}") = "MazeBulider", "MazeBulider\MazeBulider.csproj", "{335BF420-F31B-4796-95B6-5AC299F3BAAA}"
EndProject
Global
	GlobalSection(SolutionConfigurationPlatforms) = preSolution
		Debug|Any CPU = Debug|Any CPU
		Release|Any CPU = Release|Any CPU
	EndGlobalSection
	GlobalSection(ProjectConfigurationPlatforms) = postSolution
		{335BF420-F31B-4796-95B6-5AC299F3BAAA}.Debug|Any CPU.ActiveCfg = Debug|Any CPU
		{335BF420-F31B-4796-95B6-5AC299F3BAAA}.Debug|Any CPU.Build.0 = Debug|Any CPU
		{335BF420-F31B-4796-95B6-5AC299F3BAAA}.Release|Any CPU.ActiveCfg = Release|Any CPU
		{335BF420-F31B-4796-95B6-5AC299F3BAAA}.Release|Any CPU.Build.0 = Release|Any CPU
	EndGlobalSection
	GlobalSection(SolutionProperties) = preSolution
		HideSolutionNode = FALSE
	EndGlobalSection
	GlobalSection(ExtensibilityGlobals) = postSolution
		SolutionGuid = {5034C202-CABC-4165-8A1B-C2F912E2C597}
	EndGlobalSection
EndGlobal
